
Microsoft Visual Studio Solution File, Format Version 12.00
# Visual Studio 15
VisualStudioVersion = 15.0.26124.0
MinimumVisualStudioVersion = 15.0.26124.0
Project("{FAE04EC0-301F-11D3-BF4B-00C04F79EFBC}") = "AssignmentShopper.Tests", "AssignmentShopper.Tests\AssignmentShopper.Tests.csproj", "{47EB4A7C-7E68-479B-90D1-DFDDE5A23F26}"
EndProject
Project("{FAE04EC0-301F-11D3-BF4B-00C04F79EFBC}") = "AssignmentShopper", "AssignmentShopper\AssignmentShopper.csproj", "{7663E5C7-E813-4CAE-B1BE-9C73F01828AC}"
EndProject
Global
	GlobalSection(SolutionProperties) = preSolution
		HideSolutionNode = FALSE
	EndGlobalSection
	GlobalSection(SolutionConfigurationPlatforms) = preSolution
		Debug|Any CPU = Debug|Any CPU
		Debug|x64 = Debug|x64
		Debug|x86 = Debug|x86
		Release|Any CPU = Release|Any CPU
		Release|x64 = Release|x64
		Release|x86 = Release|x86
	EndGlobalSection
	GlobalSection(ProjectConfigurationPlatforms) = postSolution
		{47EB4A7C-7E68-479B-90D1-DFDDE5A23F26}.Debug|Any CPU.ActiveCfg = Debug|Any CPU
		{47EB4A7C-7E68-479B-90D1-DFDDE5A23F26}.Debug|Any CPU.Build.0 = Debug|Any CPU
		{47EB4A7C-7E68-479B-90D1-DFDDE5A23F26}.Debug|x64.ActiveCfg = Debug|x64
		{47EB4A7C-7E68-479B-90D1-DFDDE5A23F26}.Debug|x64.Build.0 = Debug|x64
		{47EB4A7C-7E68-479B-90D1-DFDDE5A23F26}.Debug|x86.ActiveCfg = Debug|x86
		{47EB4A7C-7E68-479B-90D1-DFDDE5A23F26}.Debug|x86.Build.0 = Debug|x86
		{47EB4A7C-7E68-479B-90D1-DFDDE5A23F26}.Release|Any CPU.ActiveCfg = Release|Any CPU
		{47EB4A7C-7E68-479B-90D1-DFDDE5A23F26}.Release|Any CPU.Build.0 = Release|Any CPU
		{47EB4A7C-7E68-479B-90D1-DFDDE5A23F26}.Release|x64.ActiveCfg = Release|x64
		{47EB4A7C-7E68-479B-90D1-DFDDE5A23F26}.Release|x64.Build.0 = Release|x64
		{47EB4A7C-7E68-479B-90D1-DFDDE5A23F26}.Release|x86.ActiveCfg = Release|x86
		{47EB4A7C-7E68-479B-90D1-DFDDE5A23F26}.Release|x86.Build.0 = Release|x86
		{7663E5C7-E813-4CAE-B1BE-9C73F01828AC}.Debug|Any CPU.ActiveCfg = Debug|Any CPU
		{7663E5C7-E813-4CAE-B1BE-9C73F01828AC}.Debug|Any CPU.Build.0 = Debug|Any CPU
		{7663E5C7-E813-4CAE-B1BE-9C73F01828AC}.Debug|x64.ActiveCfg = Debug|x64
		{7663E5C7-E813-4CAE-B1BE-9C73F01828AC}.Debug|x64.Build.0 = Debug|x64
		{7663E5C7-E813-4CAE-B1BE-9C73F01828AC}.Debug|x86.ActiveCfg = Debug|x86
		{7663E5C7-E813-4CAE-B1BE-9C73F01828AC}.Debug|x86.Build.0 = Debug|x86
		{7663E5C7-E813-4CAE-B1BE-9C73F01828AC}.Release|Any CPU.ActiveCfg = Release|Any CPU
		{7663E5C7-E813-4CAE-B1BE-9C73F01828AC}.Release|Any CPU.Build.0 = Release|Any CPU
		{7663E5C7-E813-4CAE-B1BE-9C73F01828AC}.Release|x64.ActiveCfg = Release|x64
		{7663E5C7-E813-4CAE-B1BE-9C73F01828AC}.Release|x64.Build.0 = Release|x64
		{7663E5C7-E813-4CAE-B1BE-9C73F01828AC}.Release|x86.ActiveCfg = Release|x86
		{7663E5C7-E813-4CAE-B1BE-9C73F01828AC}.Release|x86.Build.0 = Release|x86
	EndGlobalSection
EndGlobal
